
Microsoft Visual Studio Solution File, Format Version 12.00
# Visual Studio Version 16
VisualStudioVersion = 16.0.32002.261
MinimumVisualStudioVersion = 10.0.40219.1
Project("{9A19103F-16F7-4668-BE54-9A1E7A4F7556}") = "InstallationsTrackerForms", "InstallationsTrackerForms\InstallationsTrackerForms.csproj", "{6EC7F167-D0D6-4C7A-8599-6C2207C9E0F2}"
EndProject
Project("{FAE04EC0-301F-11D3-BF4B-00C04F79EFBC}") = "InstallationsTracker", "InstallationsTracker\InstallationsTracker.csproj", "{6C83DCCF-88F7-4E30-B324-BEA346FF51A9}"
EndProject
Global
	GlobalSection(SolutionConfigurationPlatforms) = preSolution
		Debug|Any CPU = Debug|Any CPU
		Release|Any CPU = Release|Any CPU
	EndGlobalSection
	GlobalSection(ProjectConfigurationPlatforms) = postSolution
		{6EC7F167-D0D6-4C7A-8599-6C2207C9E0F2}.Debug|Any CPU.ActiveCfg = Debug|Any CPU
		{6EC7F167-D0D6-4C7A-8599-6C2207C9E0F2}.Debug|Any CPU.Build.0 = Debug|Any CPU
		{6EC7F167-D0D6-4C7A-8599-6C2207C9E0F2}.Release|Any CPU.ActiveCfg = Release|Any CPU
		{6EC7F167-D0D6-4C7A-8599-6C2207C9E0F2}.Release|Any CPU.Build.0 = Release|Any CPU
		{6C83DCCF-88F7-4E30-B324-BEA346FF51A9}.Debug|Any CPU.ActiveCfg = Debug|Any CPU
		{6C83DCCF-88F7-4E30-B324-BEA346FF51A9}.Debug|Any CPU.Build.0 = Debug|Any CPU
		{6C83DCCF-88F7-4E30-B324-BEA346FF51A9}.Release|Any CPU.ActiveCfg = Release|Any CPU
		{6C83DCCF-88F7-4E30-B324-BEA346FF51A9}.Release|Any CPU.Build.0 = Release|Any CPU
	EndGlobalSection
	GlobalSection(SolutionProperties) = preSolution
		HideSolutionNode = FALSE
	EndGlobalSection
	GlobalSection(ExtensibilityGlobals) = postSolution
		SolutionGuid = {BED251E7-96BE-4D03-99F3-7F48DB7D0057}
	EndGlobalSection
EndGlobal
